
Microsoft Visual Studio Solution File, Format Version 12.00
# Visual Studio Version 16
VisualStudioVersion = 16.0.29519.87
MinimumVisualStudioVersion = 10.0.40219.1
Project("{FAE04EC0-301F-11D3-BF4B-00C04F79EFBC}") = "S project", "S project\S project.csproj", "{27B7C8E7-A968-404A-8681-3DF8D830007B}"
EndProject
Project("{FAE04EC0-301F-11D3-BF4B-00C04F79EFBC}") = "Server", "Server\Server.csproj", "{8146503C-8356-4AFB-BB01-EEBD46385E6C}"
EndProject
Project("{FAE04EC0-301F-11D3-BF4B-00C04F79EFBC}") = "ClassLibrary", "ClassLibrary\ClassLibrary.csproj", "{46214383-9E95-4D8E-B947-539110297A9A}"
EndProject
Global
	GlobalSection(SolutionConfigurationPlatforms) = preSolution
		Debug|Any CPU = Debug|Any CPU
		Release|Any CPU = Release|Any CPU
	EndGlobalSection
	GlobalSection(ProjectConfigurationPlatforms) = postSolution
		{27B7C8E7-A968-404A-8681-3DF8D830007B}.Debug|Any CPU.ActiveCfg = Debug|Any CPU
		{27B7C8E7-A968-404A-8681-3DF8D830007B}.Debug|Any CPU.Build.0 = Debug|Any CPU
		{27B7C8E7-A968-404A-8681-3DF8D830007B}.Release|Any CPU.ActiveCfg = Release|Any CPU
		{27B7C8E7-A968-404A-8681-3DF8D830007B}.Release|Any CPU.Build.0 = Release|Any CPU
		{8146503C-8356-4AFB-BB01-EEBD46385E6C}.Debug|Any CPU.ActiveCfg = Debug|Any CPU
		{8146503C-8356-4AFB-BB01-EEBD46385E6C}.Debug|Any CPU.Build.0 = Debug|Any CPU
		{8146503C-8356-4AFB-BB01-EEBD46385E6C}.Release|Any CPU.ActiveCfg = Release|Any CPU
		{8146503C-8356-4AFB-BB01-EEBD46385E6C}.Release|Any CPU.Build.0 = Release|Any CPU
		{46214383-9E95-4D8E-B947-539110297A9A}.Debug|Any CPU.ActiveCfg = Debug|Any CPU
		{46214383-9E95-4D8E-B947-539110297A9A}.Debug|Any CPU.Build.0 = Debug|Any CPU
		{46214383-9E95-4D8E-B947-539110297A9A}.Release|Any CPU.ActiveCfg = Release|Any CPU
		{46214383-9E95-4D8E-B947-539110297A9A}.Release|Any CPU.Build.0 = Release|Any CPU
	EndGlobalSection
	GlobalSection(SolutionProperties) = preSolution
		HideSolutionNode = FALSE
	EndGlobalSection
	GlobalSection(ExtensibilityGlobals) = postSolution
		SolutionGuid = {50574A10-74F7-48B2-AECF-B7EE4C09EE95}
	EndGlobalSection
EndGlobal
